{
  "version": 4,
  "terraform_version": "1.1.7",
  "serial": 3,
  "lineage": "2cc4d13c-73e1-428d-6068-d04d3b0f0c7e",
  "outputs": {},
  "resources": [
    {
      "mode": "managed",
      "type": "aws_vpc",
      "name": "anime-vpc",
      "provider": "provider[\"registry.terraform.io/hashicorp/aws\"]",
      "instances": [
        {
          "schema_version": 1,
          "attributes": {
            "arn": "arn:aws:ec2:ap-northeast-2:567749627506:vpc/vpc-00e53f4828e7cba50",
            "assign_generated_ipv6_cidr_block": false,
            "cidr_block": "16.16.0.0/16",
            "default_network_acl_id": "acl-0abbc8a62208c4727",
            "default_route_table_id": "rtb-067bb1dd598032860",
            "default_security_group_id": "sg-09f0536458faa62a5",
            "dhcp_options_id": "dopt-0ad47aa79d88fb220",
            "enable_classiclink": false,
            "enable_classiclink_dns_support": false,
            "enable_dns_hostnames": false,
            "enable_dns_support": true,
            "id": "vpc-00e53f4828e7cba50",
            "instance_tenancy": "default",
            "ipv4_ipam_pool_id": null,
            "ipv4_netmask_length": null,
            "ipv6_association_id": "",
            "ipv6_cidr_block": "",
            "ipv6_cidr_block_network_border_group": "",
            "ipv6_ipam_pool_id": "",
            "ipv6_netmask_length": 0,
            "main_route_table_id": "rtb-067bb1dd598032860",
            "owner_id": "567749627506",
            "tags": {
              "Name": "anime-vpc"
            },
            "tags_all": {
              "Name": "anime-vpc"
            }
          },
          "sensitive_attributes": [],
          "private": "eyJzY2hlbWFfdmVyc2lvbiI6IjEifQ=="
        }
      ]
    }
  ]
}
